Microsoft Visual Studio Solution File, Format Version 12.00
# Visual Studio Version 17
VisualStudioVersion = 17.13.35818.85
MinimumVisualStudioVersion = 10.0.40219.1
Project("{FAE04EC0-301F-11D3-BF4B-00C04F79EFBC}") = "KbStore.AppHost", "KbStore.AppHost\KbStore.AppHost.csproj", "{8C10A9D1-D178-4E99-AD86-51CDD3DC525E}"
EndProject
Project("{FAE04EC0-301F-11D3-BF4B-00C04F79EFBC}") = "KbStore.ServiceDefaults", "KbStore.ServiceDefaults\KbStore.ServiceDefaults.csproj", "{DD674431-257E-289E-848B-7750D4FE98A3}"
EndProject
Project("{FAE04EC0-301F-11D3-BF4B-00C04F79EFBC}") = "KbStore.ApiService", "KbStore.ApiService\KbStore.ApiService.csproj", "{7742D341-F122-F3E6-6A6D-8DA76CEE58BC}"
EndProject
Project("{FAE04EC0-301F-11D3-BF4B-00C04F79EFBC}") = "KbStore.ApiService.Tests", "KbStore.ApiService.Tests\KbStore.ApiService.Tests.csproj", "{A980F7CA-41D5-4994-9BDD-B2DC1367829E}"
EndProject
Project("{2150E333-8FDC-42A3-9474-1A3956D46DE8}") = "Domains", "Domains", "{02EA681E-C7D8-13C7-8484-4AC65E1B71E8}"
EndProject
Project("{FAE04EC0-301F-11D3-BF4B-00C04F79EFBC}") = "KbStore.Storefront", "KbStore.Storefront\KbStore.Storefront.csproj", "{E192AB88-8083-4726-BDEB-1A35E13B61B7}"
EndProject
Project("{FAE04EC0-301F-11D3-BF4B-00C04F79EFBC}") = "KbStore.Abstractions", "KbStore.Abstractions\KbStore.Abstractions.csproj", "{752B5AA9-BF7B-454F-8F39-3F2018CE8A30}"
EndProject
Project("{FAE04EC0-301F-11D3-BF4B-00C04F79EFBC}") = "KbStore.Storefront.Abstractions", "KbStore.Storefront.Abstractions\KbStore.Storefront.Abstractions.csproj", "{4D0FF048-CCBC-41AE-AE3F-B3525683A62E}"
EndProject
Project("{FAE04EC0-301F-11D3-BF4B-00C04F79EFBC}") = "KbStore.Catalog", "KbStore.Catalog\KbStore.Catalog.csproj", "{6D671FD2-26D6-8E83-9BBE-5BDCAFAB0EFD}"
EndProject
Project("{FAE04EC0-301F-11D3-BF4B-00C04F79EFBC}") = "KbStore.Catalog.Abstractions", "KbStore.Catalog.Abstractions\KbStore.Catalog.Abstractions.csproj", "{4B61CBB6-E4C9-3F38-F2B7-F9E3A173DB7F}"
EndProject
Project("{FAE04EC0-301F-11D3-BF4B-00C04F79EFBC}") = "KbStore.Catalog.Services", "KbStore.Catalog.Services\KbStore.Catalog.Services.csproj", "{9420D43E-6B0A-7734-E069-3EBFE3FBF501}"
EndProject
Project("{2150E333-8FDC-42A3-9474-1A3956D46DE8}") = "Catalog", "Catalog", "{74AAC0DE-F113-4563-94C2-34FB0DEB2839}"
EndProject
Project("{2150E333-8FDC-42A3-9474-1A3956D46DE8}") = "Storefront", "Storefront", "{C1457750-BDD3-45BF-B2F3-6B5F8803D905}"
EndProject
Project("{FAE04EC0-301F-11D3-BF4B-00C04F79EFBC}") = "KbStore.Catalog.Tests", "KbStore.Catalog.Tests\KbStore.Catalog.Tests.csproj", "{73016341-5449-43B7-B11E-4626AC561704}"
EndProject
Project("{FAE04EC0-301F-11D3-BF4B-00C04F79EFBC}") = "KbStore.Tests", "KbStore.Tests\KbStore.Tests.csproj", "{2ACF7142-E0FA-0E4F-8F07-F8FCB0655031}"
EndProject
Project("{2150E333-8FDC-42A3-9474-1A3956D46DE8}") = "Solution Items", "Solution Items", "{A630C0E8-F980-47D6-9C9D-393A9BCD3B5E}"
EndProject
Project("{2150E333-8FDC-42A3-9474-1A3956D46DE8}") = "workflows", "workflows", "{3B3B1B3A-F689-4CC4-8A2D-7C652016C776}"
	ProjectSection(SolutionItems) = preProject
		.github\workflows\deploy.yml = .github\workflows\deploy.yml
	EndProjectSection
EndProject
Project("{FAE04EC0-301F-11D3-BF4B-00C04F79EFBC}") = "KbStore.Storefront.Tests", "KbStore.Storefront.Tests\KbStore.Storefront.Tests.csproj", "{F23EB15F-FE6B-4E7F-B521-AA22D8421CDC}"
EndProject
Global
	GlobalSection(SolutionConfigurationPlatforms) = preSolution
		Debug|Any CPU = Debug|Any CPU
		Release|Any CPU = Release|Any CPU
	EndGlobalSection
	GlobalSection(ProjectConfigurationPlatforms) = postSolution
		{8C10A9D1-D178-4E99-AD86-51CDD3DC525E}.Debug|Any CPU.ActiveCfg = Debug|Any CPU
		{8C10A9D1-D178-4E99-AD86-51CDD3DC525E}.Debug|Any CPU.Build.0 = Debug|Any CPU
		{8C10A9D1-D178-4E99-AD86-51CDD3DC525E}.Release|Any CPU.ActiveCfg = Release|Any CPU
		{8C10A9D1-D178-4E99-AD86-51CDD3DC525E}.Release|Any CPU.Build.0 = Release|Any CPU
		{DD674431-257E-289E-848B-7750D4FE98A3}.Debug|Any CPU.ActiveCfg = Debug|Any CPU
		{DD674431-257E-289E-848B-7750D4FE98A3}.Debug|Any CPU.Build.0 = Debug|Any CPU
		{DD674431-257E-289E-848B-7750D4FE98A3}.Release|Any CPU.ActiveCfg = Release|Any CPU
		{DD674431-257E-289E-848B-7750D4FE98A3}.Release|Any CPU.Build.0 = Release|Any CPU
		{7742D341-F122-F3E6-6A6D-8DA76CEE58BC}.Debug|Any CPU.ActiveCfg = Debug|Any CPU
		{7742D341-F122-F3E6-6A6D-8DA76CEE58BC}.Debug|Any CPU.Build.0 = Debug|Any CPU
		{7742D341-F122-F3E6-6A6D-8DA76CEE58BC}.Release|Any CPU.ActiveCfg = Release|Any CPU
		{7742D341-F122-F3E6-6A6D-8DA76CEE58BC}.Release|Any CPU.Build.0 = Release|Any CPU
		{A980F7CA-41D5-4994-9BDD-B2DC1367829E}.Debug|Any CPU.ActiveCfg = Debug|Any CPU
		{A980F7CA-41D5-4994-9BDD-B2DC1367829E}.Debug|Any CPU.Build.0 = Debug|Any CPU
		{A980F7CA-41D5-4994-9BDD-B2DC1367829E}.Release|Any CPU.ActiveCfg = Release|Any CPU
		{A980F7CA-41D5-4994-9BDD-B2DC1367829E}.Release|Any CPU.Build.0 = Release|Any CPU
		{E192AB88-8083-4726-BDEB-1A35E13B61B7}.Debug|Any CPU.ActiveCfg = Debug|Any CPU
		{E192AB88-8083-4726-BDEB-1A35E13B61B7}.Debug|Any CPU.Build.0 = Debug|Any CPU
		{E192AB88-8083-4726-BDEB-1A35E13B61B7}.Release|Any CPU.ActiveCfg = Release|Any CPU
		{E192AB88-8083-4726-BDEB-1A35E13B61B7}.Release|Any CPU.Build.0 = Release|Any CPU
		{752B5AA9-BF7B-454F-8F39-3F2018CE8A30}.Debug|Any CPU.ActiveCfg = Debug|Any CPU
		{752B5AA9-BF7B-454F-8F39-3F2018CE8A30}.Debug|Any CPU.Build.0 = Debug|Any CPU
		{752B5AA9-BF7B-454F-8F39-3F2018CE8A30}.Release|Any CPU.ActiveCfg = Release|Any CPU
		{752B5AA9-BF7B-454F-8F39-3F2018CE8A30}.Release|Any CPU.Build.0 = Release|Any CPU
		{4D0FF048-CCBC-41AE-AE3F-B3525683A62E}.Debug|Any CPU.ActiveCfg = Debug|Any CPU
		{4D0FF048-CCBC-41AE-AE3F-B3525683A62E}.Debug|Any CPU.Build.0 = Debug|Any CPU
		{4D0FF048-CCBC-41AE-AE3F-B3525683A62E}.Release|Any CPU.ActiveCfg = Release|Any CPU
		{4D0FF048-CCBC-41AE-AE3F-B3525683A62E}.Release|Any CPU.Build.0 = Release|Any CPU
		{6D671FD2-26D6-8E83-9BBE-5BDCAFAB0EFD}.Debug|Any CPU.ActiveCfg = Debug|Any CPU
		{6D671FD2-26D6-8E83-9BBE-5BDCAFAB0EFD}.Debug|Any CPU.Build.0 = Debug|Any CPU
		{6D671FD2-26D6-8E83-9BBE-5BDCAFAB0EFD}.Release|Any CPU.ActiveCfg = Release|Any CPU
		{6D671FD2-26D6-8E83-9BBE-5BDCAFAB0EFD}.Release|Any CPU.Build.0 = Release|Any CPU
		{4B61CBB6-E4C9-3F38-F2B7-F9E3A173DB7F}.Debug|Any CPU.ActiveCfg = Debug|Any CPU
		{4B61CBB6-E4C9-3F38-F2B7-F9E3A173DB7F}.Debug|Any CPU.Build.0 = Debug|Any CPU
		{4B61CBB6-E4C9-3F38-F2B7-F9E3A173DB7F}.Release|Any CPU.ActiveCfg = Release|Any CPU
		{4B61CBB6-E4C9-3F38-F2B7-F9E3A173DB7F}.Release|Any CPU.Build.0 = Release|Any CPU
		{9420D43E-6B0A-7734-E069-3EBFE3FBF501}.Debug|Any CPU.ActiveCfg = Debug|Any CPU
		{9420D43E-6B0A-7734-E069-3EBFE3FBF501}.Debug|Any CPU.Build.0 = Debug|Any CPU
		{9420D43E-6B0A-7734-E069-3EBFE3FBF501}.Release|Any CPU.ActiveCfg = Release|Any CPU
		{9420D43E-6B0A-7734-E069-3EBFE3FBF501}.Release|Any CPU.Build.0 = Release|Any CPU
		{73016341-5449-43B7-B11E-4626AC561704}.Debug|Any CPU.ActiveCfg = Debug|Any CPU
		{73016341-5449-43B7-B11E-4626AC561704}.Debug|Any CPU.Build.0 = Debug|Any CPU
		{73016341-5449-43B7-B11E-4626AC561704}.Release|Any CPU.ActiveCfg = Release|Any CPU
		{73016341-5449-43B7-B11E-4626AC561704}.Release|Any CPU.Build.0 = Release|Any CPU
		{2ACF7142-E0FA-0E4F-8F07-F8FCB0655031}.Debug|Any CPU.ActiveCfg = Debug|Any CPU
		{2ACF7142-E0FA-0E4F-8F07-F8FCB0655031}.Debug|Any CPU.Build.0 = Debug|Any CPU
		{2ACF7142-E0FA-0E4F-8F07-F8FCB0655031}.Release|Any CPU.ActiveCfg = Release|Any CPU
		{2ACF7142-E0FA-0E4F-8F07-F8FCB0655031}.Release|Any CPU.Build.0 = Release|Any CPU
		{F23EB15F-FE6B-4E7F-B521-AA22D8421CDC}.Debug|Any CPU.ActiveCfg = Debug|Any CPU
		{F23EB15F-FE6B-4E7F-B521-AA22D8421CDC}.Debug|Any CPU.Build.0 = Debug|Any CPU
		{F23EB15F-FE6B-4E7F-B521-AA22D8421CDC}.Release|Any CPU.ActiveCfg = Release|Any CPU
		{F23EB15F-FE6B-4E7F-B521-AA22D8421CDC}.Release|Any CPU.Build.0 = Release|Any CPU
	EndGlobalSection
	GlobalSection(SolutionProperties) = preSolution
		HideSolutionNode = FALSE
	EndGlobalSection
	GlobalSection(NestedProjects) = preSolution
		{E192AB88-8083-4726-BDEB-1A35E13B61B7} = {C1457750-BDD3-45BF-B2F3-6B5F8803D905}
		{4D0FF048-CCBC-41AE-AE3F-B3525683A62E} = {C1457750-BDD3-45BF-B2F3-6B5F8803D905}
		{6D671FD2-26D6-8E83-9BBE-5BDCAFAB0EFD} = {74AAC0DE-F113-4563-94C2-34FB0DEB2839}
		{4B61CBB6-E4C9-3F38-F2B7-F9E3A173DB7F} = {74AAC0DE-F113-4563-94C2-34FB0DEB2839}
		{9420D43E-6B0A-7734-E069-3EBFE3FBF501} = {74AAC0DE-F113-4563-94C2-34FB0DEB2839}
		{74AAC0DE-F113-4563-94C2-34FB0DEB2839} = {02EA681E-C7D8-13C7-8484-4AC65E1B71E8}
		{C1457750-BDD3-45BF-B2F3-6B5F8803D905} = {02EA681E-C7D8-13C7-8484-4AC65E1B71E8}
		{73016341-5449-43B7-B11E-4626AC561704} = {74AAC0DE-F113-4563-94C2-34FB0DEB2839}
		{3B3B1B3A-F689-4CC4-8A2D-7C652016C776} = {A630C0E8-F980-47D6-9C9D-393A9BCD3B5E}
		{F23EB15F-FE6B-4E7F-B521-AA22D8421CDC} = {C1457750-BDD3-45BF-B2F3-6B5F8803D905}
	EndGlobalSection
	GlobalSection(ExtensibilityGlobals) = postSolution
		SolutionGuid = {9ECD3678-2FD0-41B4-993E-60B9E7D6E618}
	EndGlobalSection
EndGlobal
